
Microsoft Visual Studio Solution File, Format Version 12.00
# Visual Studio Version 16
VisualStudioVersion = 16.0.30907.101
MinimumVisualStudioVersion = 10.0.40219.1
Project("{FAE04EC0-301F-11D3-BF4B-00C04F79EFBC}") = "D2DAS", "D2DAS\D2DAS.csproj", "{3B4B0972-56C2-4317-A925-C70E3E4A9070}"
EndProject
Global
	GlobalSection(SolutionConfigurationPlatforms) = preSolution
		Debug|Any CPU = Debug|Any CPU
		Release|Any CPU = Release|Any CPU
	EndGlobalSection
	GlobalSection(ProjectConfigurationPlatforms) = postSolution
		{3B4B0972-56C2-4317-A925-C70E3E4A9070}.Debug|Any CPU.ActiveCfg = Debug|Any CPU
		{3B4B0972-56C2-4317-A925-C70E3E4A9070}.Debug|Any CPU.Build.0 = Debug|Any CPU
		{3B4B0972-56C2-4317-A925-C70E3E4A9070}.Release|Any CPU.ActiveCfg = Release|Any CPU
		{3B4B0972-56C2-4317-A925-C70E3E4A9070}.Release|Any CPU.Build.0 = Release|Any CPU
	EndGlobalSection
	GlobalSection(SolutionProperties) = preSolution
		HideSolutionNode = FALSE
	EndGlobalSection
	GlobalSection(ExtensibilityGlobals) = postSolution
		SolutionGuid = {52A449C0-29B8-4C04-9405-28B67103E5CC}
	EndGlobalSection
EndGlobal
